
Microsoft Visual Studio Solution File, Format Version 12.00
# Visual Studio 16
Project("{FAE04EC0-301F-11D3-BF4B-00C04F79EFBC}") = "Assembly-CSharp", "Assembly-CSharp.csproj", "{652FCB4F-B930-2C4A-6E5F-F2D6A88B7904}"
EndProject
Project("{FAE04EC0-301F-11D3-BF4B-00C04F79EFBC}") = "Assembly-CSharp-firstpass", "Assembly-CSharp-firstpass.csproj", "{D76F743D-CF0D-5F1A-0D22-7473EE7F4ADB}"
EndProject
Project("{FAE04EC0-301F-11D3-BF4B-00C04F79EFBC}") = "Assembly-CSharp-Editor", "Assembly-CSharp-Editor.csproj", "{B21DA4E9-60C8-F46B-A4A4-6B1F54D14D1A}"
EndProject
Project("{FAE04EC0-301F-11D3-BF4B-00C04F79EFBC}") = "Assembly-CSharp-Editor-firstpass", "Assembly-CSharp-Editor-firstpass.csproj", "{43BEE330-DE29-0044-C8B1-0E731D80A18E}"
EndProject
Global
	GlobalSection(SolutionConfigurationPlatforms) = preSolution
		Debug|Any CPU = Debug|Any CPU
		Release|Any CPU = Release|Any CPU
	EndGlobalSection
	GlobalSection(ProjectConfigurationPlatforms) = postSolution
		{652FCB4F-B930-2C4A-6E5F-F2D6A88B7904}.Debug|Any CPU.ActiveCfg = Debug|Any CPU
		{652FCB4F-B930-2C4A-6E5F-F2D6A88B7904}.Debug|Any CPU.Build.0 = Debug|Any CPU
		{652FCB4F-B930-2C4A-6E5F-F2D6A88B7904}.Release|Any CPU.ActiveCfg = Release|Any CPU
		{652FCB4F-B930-2C4A-6E5F-F2D6A88B7904}.Release|Any CPU.Build.0 = Release|Any CPU
		{D76F743D-CF0D-5F1A-0D22-7473EE7F4ADB}.Debug|Any CPU.ActiveCfg = Debug|Any CPU
		{D76F743D-CF0D-5F1A-0D22-7473EE7F4ADB}.Debug|Any CPU.Build.0 = Debug|Any CPU
		{D76F743D-CF0D-5F1A-0D22-7473EE7F4ADB}.Release|Any CPU.ActiveCfg = Release|Any CPU
		{D76F743D-CF0D-5F1A-0D22-7473EE7F4ADB}.Release|Any CPU.Build.0 = Release|Any CPU
		{B21DA4E9-60C8-F46B-A4A4-6B1F54D14D1A}.Debug|Any CPU.ActiveCfg = Debug|Any CPU
		{B21DA4E9-60C8-F46B-A4A4-6B1F54D14D1A}.Debug|Any CPU.Build.0 = Debug|Any CPU
		{B21DA4E9-60C8-F46B-A4A4-6B1F54D14D1A}.Release|Any CPU.ActiveCfg = Release|Any CPU
		{B21DA4E9-60C8-F46B-A4A4-6B1F54D14D1A}.Release|Any CPU.Build.0 = Release|Any CPU
		{43BEE330-DE29-0044-C8B1-0E731D80A18E}.Debug|Any CPU.ActiveCfg = Debug|Any CPU
		{43BEE330-DE29-0044-C8B1-0E731D80A18E}.Debug|Any CPU.Build.0 = Debug|Any CPU
		{43BEE330-DE29-0044-C8B1-0E731D80A18E}.Release|Any CPU.ActiveCfg = Release|Any CPU
		{43BEE330-DE29-0044-C8B1-0E731D80A18E}.Release|Any CPU.Build.0 = Release|Any CPU
	EndGlobalSection
	GlobalSection(SolutionProperties) = preSolution
		HideSolutionNode = FALSE
	EndGlobalSection
EndGlobal
